
Microsoft Visual Studio Solution File, Format Version 12.00
# Visual Studio 15
VisualStudioVersion = 15.0.27428.2027
MinimumVisualStudioVersion = 10.0.40219.1
Project("{9A19103F-16F7-4668-BE54-9A1E7A4F7556}") = "MyCoreApp", "MyCoreApp\MyCoreApp.csproj", "{7F33AC0F-7A54-4A1B-8401-F6B3E35B3496}"
EndProject
Project("{FAE04EC0-301F-11D3-BF4B-00C04F79EFBC}") = "XUnitTestProjectTests", "XUnitTestProjectTests\XUnitTestProjectTests.csproj", "{B1A08143-C7AF-4D1A-A0C7-FB3746243C7A}"
EndProject
Global
	GlobalSection(SolutionConfigurationPlatforms) = preSolution
		Debug|Any CPU = Debug|Any CPU
		Release|Any CPU = Release|Any CPU
	EndGlobalSection
	GlobalSection(ProjectConfigurationPlatforms) = postSolution
		{7F33AC0F-7A54-4A1B-8401-F6B3E35B3496}.Debug|Any CPU.ActiveCfg = Debug|Any CPU
		{7F33AC0F-7A54-4A1B-8401-F6B3E35B3496}.Debug|Any CPU.Build.0 = Debug|Any CPU
		{7F33AC0F-7A54-4A1B-8401-F6B3E35B3496}.Release|Any CPU.ActiveCfg = Release|Any CPU
		{7F33AC0F-7A54-4A1B-8401-F6B3E35B3496}.Release|Any CPU.Build.0 = Release|Any CPU
		{B1A08143-C7AF-4D1A-A0C7-FB3746243C7A}.Debug|Any CPU.ActiveCfg = Debug|Any CPU
		{B1A08143-C7AF-4D1A-A0C7-FB3746243C7A}.Debug|Any CPU.Build.0 = Debug|Any CPU
		{B1A08143-C7AF-4D1A-A0C7-FB3746243C7A}.Release|Any CPU.ActiveCfg = Release|Any CPU
		{B1A08143-C7AF-4D1A-A0C7-FB3746243C7A}.Release|Any CPU.Build.0 = Release|Any CPU
	EndGlobalSection
	GlobalSection(SolutionProperties) = preSolution
		HideSolutionNode = FALSE
	EndGlobalSection
	GlobalSection(ExtensibilityGlobals) = postSolution
		SolutionGuid = {B9B62578-E26E-4DE4-AD63-0E5B7D9597B6}
	EndGlobalSection
EndGlobal
